
Microsoft Visual Studio Solution File, Format Version 12.00
# Visual Studio Version 16
VisualStudioVersion = 16.0.29306.81
MinimumVisualStudioVersion = 10.0.40219.1
Project("{FAE04EC0-301F-11D3-BF4B-00C04F79EFBC}") = "Edades", "Edades\Edades.csproj", "{4D647CCB-A8A4-42D9-AC81-69EFF0E26252}"
EndProject
Global
	GlobalSection(SolutionConfigurationPlatforms) = preSolution
		Debug|Any CPU = Debug|Any CPU
		Release|Any CPU = Release|Any CPU
	EndGlobalSection
	GlobalSection(ProjectConfigurationPlatforms) = postSolution
		{4D647CCB-A8A4-42D9-AC81-69EFF0E26252}.Debug|Any CPU.ActiveCfg = Debug|Any CPU
		{4D647CCB-A8A4-42D9-AC81-69EFF0E26252}.Debug|Any CPU.Build.0 = Debug|Any CPU
		{4D647CCB-A8A4-42D9-AC81-69EFF0E26252}.Release|Any CPU.ActiveCfg = Release|Any CPU
		{4D647CCB-A8A4-42D9-AC81-69EFF0E26252}.Release|Any CPU.Build.0 = Release|Any CPU
	EndGlobalSection
	GlobalSection(SolutionProperties) = preSolution
		HideSolutionNode = FALSE
	EndGlobalSection
	GlobalSection(ExtensibilityGlobals) = postSolution
		SolutionGuid = {72E0B686-85DC-4EA4-8C1A-D8CD3094C3B1}
	EndGlobalSection
EndGlobal
